
Microsoft Visual Studio Solution File, Format Version 12.00
# Visual Studio Version 16
VisualStudioVersion = 16.0.30320.27
MinimumVisualStudioVersion = 10.0.40219.1
Project("{FAE04EC0-301F-11D3-BF4B-00C04F79EFBC}") = "Aax.Activation.ApiClient", "Aax.Activation.ApiClient\Aax.Activation.ApiClient.csproj", "{474FE9E6-7364-4276-B0C3-B91692626AF9}"
EndProject
Global
	GlobalSection(SolutionConfigurationPlatforms) = preSolution
		Debug|Any CPU = Debug|Any CPU
		Release|Any CPU = Release|Any CPU
	EndGlobalSection
	GlobalSection(ProjectConfigurationPlatforms) = postSolution
		{474FE9E6-7364-4276-B0C3-B91692626AF9}.Debug|Any CPU.ActiveCfg = Debug|Any CPU
		{474FE9E6-7364-4276-B0C3-B91692626AF9}.Debug|Any CPU.Build.0 = Debug|Any CPU
		{474FE9E6-7364-4276-B0C3-B91692626AF9}.Release|Any CPU.ActiveCfg = Release|Any CPU
		{474FE9E6-7364-4276-B0C3-B91692626AF9}.Release|Any CPU.Build.0 = Release|Any CPU
	EndGlobalSection
	GlobalSection(SolutionProperties) = preSolution
		HideSolutionNode = FALSE
	EndGlobalSection
	GlobalSection(ExtensibilityGlobals) = postSolution
		SolutionGuid = {3772B9F2-7FF5-4413-AA2C-512C8504FFA0}
	EndGlobalSection
EndGlobal
